version = 1
revision = 2
requires-python = ">=3.10.0, <3.11"

[[package]]
name = "acme"
version = "4.1.1"
source = { registry = "https://pypi.org/simple" }
dependencies = [
    { name = "cryptography" },
    { name = "josepy" },
    { name = "pyopenssl" },
    { name = "pyrfc3339" },
    { name = "pytz" },
    { name = "requests" },
]
sdist = { url = "https://files.pythonhosted.org/packages/30/ca/ac80099cdcce9486f5c74220dac53e8b35c46afc27288881f4700adfe7f1/acme-4.1.1.tar.gz", hash = "sha256:0ffaaf6d3f41ff05772fd2b6170cf0b2b139f5134d7a70ee49f6e63ca20e8f9a", size = 96744, upload-time = "2025-06-12T20:21:31.021Z" }
wheels = [
    { url = "https://files.pythonhosted.org/packages/ca/c0/607fb06b64fa94448ccbe3e5e40cd5566d0bc1b7dbd8169442ce44fe5bcd/acme-4.1.1-py3-none-any.whl", hash = "sha256:9c904453bf1374789b6cd78c6314dea6e7609b4f6c58e35339ee91701f39cd20", size = 101443, upload-time = "2025-06-12T20:21:12.452Z" },
]

[[package]]
name = "attrs"
version = "23.2.0"
source = { registry = "https://pypi.org/simple" }
sdist = { url = "https://files.pythonhosted.org/packages/e3/fc/f800d51204003fa8ae392c4e8278f256206e7a919b708eef054f5f4b650d/attrs-23.2.0.tar.gz", hash = "sha256:935dc3b529c262f6cf76e50877d35a4bd3c1de194fd41f47a2b7ae8f19971f30", size = 780820, upload-time = "2023-12-31T06:30:32.926Z" }
wheels = [
    { url = "https://files.pythonhosted.org/packages/e0/44/827b2a91a5816512fcaf3cc4ebc465ccd5d598c45cefa6703fcf4a79018f/attrs-23.2.0-py3-none-any.whl", hash = "sha256:99b87a485a5820b23b879f04c2305b44b951b502fd64be915879d77a7e8fc6f1", size = 60752, upload-time = "2023-12-31T06:30:30.772Z" },
]

[[package]]
name = "certbot"
version = "4.1.1"
source = { registry = "https://pypi.org/simple" }
dependencies = [
    { name = "acme" },
    { name = "configargparse" },
    { name = "configobj" },
    { name = "cryptography" },
    { name = "distro" },
    { name = "josepy" },
    { name = "parsedatetime" },
    { name = "pyrfc3339" },
    { name = "pytz" },
    { name = "pywin32", marker = "sys_platform == 'win32'" },
]
sdist = { url = "https://files.pythonhosted.org/packages/de/d7/6dbaabb3dd61a3a86cad455c65befa7512f1f8c60231f99ed1f2b576770f/certbot-4.1.1.tar.gz", hash = "sha256:d1fdde3174bcf1d68f7a8dca070341acec28b78ef92ad2dd18b8d49959e96779", size = 441624, upload-time = "2025-06-12T20:21:44.138Z" }
wheels = [
    { url = "https://files.pythonhosted.org/packages/e8/0c/0e91015dff3e1ad51140643fd5ed1429a062e6fdef5851aeba4933724241/certbot-4.1.1-py3-none-any.whl", hash = "sha256:f586519f4338428688bcb0a89aa6eaff1af575345185eb3d18cbbe326cfa96bf", size = 408420, upload-time = "2025-06-12T20:21:29.622Z" },
]

[[package]]
name = "certbot-dns-synergy-wholesale"
version = "1.1.0"
source = { editable = "." }
dependencies = [
    { name = "certbot" },
    { name = "publicsuffixlist" },
    { name = "zeep" },
]

[package.metadata]
requires-dist = [
    { name = "certbot", specifier = ">=4" },
    { name = "publicsuffixlist", specifier = ">=1.0.2.20250710" },
    { name = "zeep", specifier = ">=4.2.1,<5" },
]

[[package]]
name = "certifi"
version = "2024.7.4"
source = { registry = "https://pypi.org/simple" }
sdist = { url = "https://files.pythonhosted.org/packages/c2/02/a95f2b11e207f68bc64d7aae9666fed2e2b3f307748d5123dffb72a1bbea/certifi-2024.7.4.tar.gz", hash = "sha256:5a1e7645bc0ec61a09e26c36f6106dd4cf40c6db3a1fb6352b0244e7fb057c7b", size = 164065, upload-time = "2024-07-04T01:36:11.653Z" }
wheels = [
    { url = "https://files.pythonhosted.org/packages/1c/d5/c84e1a17bf61d4df64ca866a1c9a913874b4e9bdc131ec689a0ad013fb36/certifi-2024.7.4-py3-none-any.whl", hash = "sha256:c198e21b1289c2ab85ee4e67bb4b4ef3ead0892059901a8d5b622f24a1101e90", size = 162960, upload-time = "2024-07-04T01:36:09.038Z" },
]

[[package]]
name = "cffi"
version = "1.16.0"
source = { registry = "https://pypi.org/simple" }
dependencies = [
    { name = "pycparser" },
]
sdist = { url = "https://files.pythonhosted.org/packages/68/ce/95b0bae7968c65473e1298efb042e10cafc7bafc14d9e4f154008241c91d/cffi-1.16.0.tar.gz", hash = "sha256:bcb3ef43e58665bbda2fb198698fcae6776483e0c4a631aa5647806c25e02cc0", size = 512873, upload-time = "2023-09-28T18:02:04.656Z" }
wheels = [
    { url = "https://files.pythonhosted.org/packages/aa/aa/1c43e48a6f361d1529f9e4602d6992659a0107b5f21cae567e2eddcf8d66/cffi-1.16.0-cp310-cp310-macosx_10_9_x86_64.whl", hash = "sha256:6b3d6606d369fc1da4fd8c357d026317fbb9c9b75d36dc16e90e84c26854b088", size = 182457, upload-time = "2023-09-28T18:00:24.28Z" },
    { url = "https://files.pythonhosted.org/packages/c4/01/f5116266fe80c04d4d1cc96c3d355606943f9fb604a810e0b02228a0ce19/cffi-1.16.0-cp310-cp310-macosx_11_0_arm64.whl", hash = "sha256:ac0f5edd2360eea2f1daa9e26a41db02dd4b0451b48f7c318e217ee092a213e9", size = 176792, upload-time = "2023-09-28T18:00:26.634Z" },
    { url = "https://files.pythonhosted.org/packages/57/3a/c263cf4d5b02880274866968fa2bf196a02c4486248bc164732319b4a4c0/cffi-1.16.0-cp310-cp310-manylinux_2_12_i686.manylinux2010_i686.manylinux_2_17_i686.manylinux2014_i686.whl", hash = "sha256:7e61e3e4fa664a8588aa25c883eab612a188c725755afff6289454d6362b9673", size = 423848, upload-time = "2023-09-28T18:00:28.746Z" },
    { url = "https://files.pythonhosted.org/packages/f0/31/a6503a5c4874fb4d4c2053f73f09a957cb427b6943fab5a43b8e156df397/cffi-1.16.0-cp310-cp310-manylinux_2_17_aarch64.manylinux2014_aarch64.whl", hash = "sha256:a72e8961a86d19bdb45851d8f1f08b041ea37d2bd8d4fd19903bc3083d80c896", size = 446005, upload-time = "2023-09-28T18:00:31.342Z" },
    { url = "https://files.pythonhosted.org/packages/22/05/43cfda378da7bb0aa19b3cf34fe54f8867b0d581294216339d87deefd69c/cffi-1.16.0-cp310-cp310-manylinux_2_17_ppc64le.manylinux2014_ppc64le.whl", hash = "sha256:5b50bf3f55561dac5438f8e70bfcdfd74543fd60df5fa5f62d94e5867deca684", size = 452639, upload-time = "2023-09-28T18:00:33.644Z" },
    { url = "https://files.pythonhosted.org/packages/54/49/b8875986beef2e74fc668b95f2df010e354f78e009d33d95b375912810c3/cffi-1.16.0-cp310-cp310-manylinux_2_17_s390x.manylinux2014_s390x.whl", hash = "sha256:7651c50c8c5ef7bdb41108b7b8c5a83013bfaa8a935590c5d74627c047a583c7", size = 434140, upload-time = "2023-09-28T18:00:35.449Z" },
    { url = "https://files.pythonhosted.org/packages/c9/7c/43d81bdd5a915923c3bad5bb4bff401ea00ccc8e28433fb6083d2e3bf58e/cffi-1.16.0-cp310-cp310-manylinux_2_17_x86_64.manylinux2014_x86_64.whl", hash = "sha256:e4108df7fe9b707191e55f33efbcb2d81928e10cea45527879a4749cbe472614", size = 443865, upload-time = "2023-09-28T18:00:37.697Z" },
    { url = "https://files.pythonhosted.org/packages/eb/de/4f644fc78a1144a897e1f908abfb2058f7be05a8e8e4fe90b7f41e9de36b/cffi-1.16.0-cp310-cp310-musllinux_1_1_i686.whl", hash = "sha256:32c68ef735dbe5857c810328cb2481e24722a59a2003018885514d4c09af9743", size = 436867, upload-time = "2023-09-28T18:00:39.321Z" },
    { url = "https://files.pythonhosted.org/packages/ee/68/74a2b9f9432b70d97d1184cdabf32d7803124c228adef9481d280864a4a7/cffi-1.16.0-cp310-cp310-musllinux_1_1_x86_64.whl", hash = "sha256:673739cb539f8cdaa07d92d02efa93c9ccf87e345b9a0b556e3ecc666718468d", size = 465830, upload-time = "2023-09-28T18:00:41.21Z" },
    { url = "https://files.pythonhosted.org/packages/20/18/76e26bcfa6a7a62f880791122261575b3048ac57dd72f300ba0827629ab8/cffi-1.16.0-cp310-cp310-win32.whl", hash = "sha256:9f90389693731ff1f659e55c7d1640e2ec43ff725cc61b04b2f9c6d8d017df6a", size = 172955, upload-time = "2023-09-28T18:00:43.526Z" },
    { url = "https://files.pythonhosted.org/packages/be/3e/0b197d1bfbf386a90786b251dbf2634a15f2ea3d4e4070e99c7d1c7689cf/cffi-1.16.0-cp310-cp310-win_amd64.whl", hash = "sha256:e6024675e67af929088fda399b2094574609396b1decb609c55fa58b028a32a1", size = 181616, upload-time = "2023-09-28T18:00:45.027Z" },
]

[[package]]
name = "charset-normalizer"
version = "3.3.2"
source = { registry = "https://pypi.org/simple" }
sdist = { url = "https://files.pythonhosted.org/packages/63/09/c1bc53dab74b1816a00d8d030de5bf98f724c52c1635e07681d312f20be8/charset-normalizer-3.3.2.tar.gz", hash = "sha256:f30c3cb33b24454a82faecaf01b19c18562b1e89558fb6c56de4d9118a032fd5", size = 104809, upload-time = "2023-11-01T04:04:59.997Z" }
wheels = [
    { url = "https://files.pythonhosted.org/packages/2b/61/095a0aa1a84d1481998b534177c8566fdc50bb1233ea9a0478cd3cc075bd/charset_normalizer-3.3.2-cp310-cp310-macosx_10_9_universal2.whl", hash = "sha256:25baf083bf6f6b341f4121c2f3c548875ee6f5339300e08be3f2b2ba1721cdd3", size = 194219, upload-time = "2023-11-01T04:02:29.048Z" },
    { url = "https://files.pythonhosted.org/packages/cc/94/f7cf5e5134175de79ad2059edf2adce18e0685ebdb9227ff0139975d0e93/charset_normalizer-3.3.2-cp310-cp310-macosx_10_9_x86_64.whl", hash = "sha256:06435b539f889b1f6f4ac1758871aae42dc3a8c0e24ac9e60c2384973ad73027", size = 122521, upload-time = "2023-11-01T04:02:32.452Z" },
    { url = "https://files.pythonhosted.org/packages/46/6a/d5c26c41c49b546860cc1acabdddf48b0b3fb2685f4f5617ac59261b44ae/charset_normalizer-3.3.2-cp310-cp310-macosx_11_0_arm64.whl", hash = "sha256:9063e24fdb1e498ab71cb7419e24622516c4a04476b17a2dab57e8baa30d6e03", size = 120383, upload-time = "2023-11-01T04:02:34.11Z" },
    { url = "https://files.pythonhosted.org/packages/b8/60/e2f67915a51be59d4539ed189eb0a2b0d292bf79270410746becb32bc2c3/charset_normalizer-3.3.2-cp310-cp310-manylinux_2_17_aarch64.manylinux2014_aarch64.whl", hash = "sha256:6897af51655e3691ff853668779c7bad41579facacf5fd7253b0133308cf000d", size = 138223, upload-time = "2023-11-01T04:02:36.213Z" },
    { url = "https://files.pythonhosted.org/packages/05/8c/eb854996d5fef5e4f33ad56927ad053d04dc820e4a3d39023f35cad72617/charset_normalizer-3.3.2-cp310-cp310-manylinux_2_17_ppc64le.manylinux2014_ppc64le.whl", hash = "sha256:1d3193f4a680c64b4b6a9115943538edb896edc190f0b222e73761716519268e", size = 148101, upload-time = "2023-11-01T04:02:38.067Z" },
    { url = "https://files.pythonhosted.org/packages/f6/93/bb6cbeec3bf9da9b2eba458c15966658d1daa8b982c642f81c93ad9b40e1/charset_normalizer-3.3.2-cp310-cp310-manylinux_2_17_s390x.manylinux2014_s390x.whl", hash = "sha256:cd70574b12bb8a4d2aaa0094515df2463cb429d8536cfb6c7ce983246983e5a6", size = 140699, upload-time = "2023-11-01T04:02:39.436Z" },
    { url = "https://files.pythonhosted.org/packages/da/f1/3702ba2a7470666a62fd81c58a4c40be00670e5006a67f4d626e57f013ae/charset_normalizer-3.3.2-cp310-cp310-manylinux_2_17_x86_64.manylinux2014_x86_64.whl", hash = "sha256:8465322196c8b4d7ab6d1e049e4c5cb460d0394da4a27d23cc242fbf0034b6b5", size = 142065, upload-time = "2023-11-01T04:02:41.357Z" },
    { url = "https://files.pythonhosted.org/packages/3f/ba/3f5e7be00b215fa10e13d64b1f6237eb6ebea66676a41b2bcdd09fe74323/charset_normalizer-3.3.2-cp310-cp310-manylinux_2_5_i686.manylinux1_i686.manylinux_2_17_i686.manylinux2014_i686.whl", hash = "sha256:a9a8e9031d613fd2009c182b69c7b2c1ef8239a0efb1df3f7c8da66d5dd3d537", size = 144505, upload-time = "2023-11-01T04:02:43.108Z" },
    { url = "https://files.pythonhosted.org/packages/33/c3/3b96a435c5109dd5b6adc8a59ba1d678b302a97938f032e3770cc84cd354/charset_normalizer-3.3.2-cp310-cp310-musllinux_1_1_aarch64.whl", hash = "sha256:beb58fe5cdb101e3a055192ac291b7a21e3b7ef4f67fa1d74e331a7f2124341c", size = 139425, upload-time = "2023-11-01T04:02:45.427Z" },
    { url = "https://files.pythonhosted.org/packages/43/05/3bf613e719efe68fb3a77f9c536a389f35b95d75424b96b426a47a45ef1d/charset_normalizer-3.3.2-cp310-cp310-musllinux_1_1_i686.whl", hash = "sha256:e06ed3eb3218bc64786f7db41917d4e686cc4856944f53d5bdf83a6884432e12", size = 145287, upload-time = "2023-11-01T04:02:46.705Z" },
    { url = "https://files.pythonhosted.org/packages/58/78/a0bc646900994df12e07b4ae5c713f2b3e5998f58b9d3720cce2aa45652f/charset_normalizer-3.3.2-cp310-cp310-musllinux_1_1_ppc64le.whl", hash = "sha256:2e81c7b9c8979ce92ed306c249d46894776a909505d8f5a4ba55b14206e3222f", size = 149929, upload-time = "2023-11-01T04:02:48.098Z" },
    { url = "https://files.pythonhosted.org/packages/eb/5c/97d97248af4920bc68687d9c3b3c0f47c910e21a8ff80af4565a576bd2f0/charset_normalizer-3.3.2-cp310-cp310-musllinux_1_1_s390x.whl", hash = "sha256:572c3763a264ba47b3cf708a44ce965d98555f618ca42c926a9c1616d8f34269", size = 141605, upload-time = "2023-11-01T04:02:49.605Z" },
    { url = "https://files.pythonhosted.org/packages/a8/31/47d018ef89f95b8aded95c589a77c072c55e94b50a41aa99c0a2008a45a4/charset_normalizer-3.3.2-cp310-cp310-musllinux_1_1_x86_64.whl", hash = "sha256:fd1abc0d89e30cc4e02e4064dc67fcc51bd941eb395c502aac3ec19fab46b519", size = 142646, upload-time = "2023-11-01T04:02:51.35Z" },
    { url = "https://files.pythonhosted.org/packages/ae/d5/4fecf1d58bedb1340a50f165ba1c7ddc0400252d6832ff619c4568b36cc0/charset_normalizer-3.3.2-cp310-cp310-win32.whl", hash = "sha256:3d47fa203a7bd9c5b6cee4736ee84ca03b8ef23193c0d1ca99b5089f72645c73", size = 92846, upload-time = "2023-11-01T04:02:52.679Z" },
    { url = "https://files.pythonhosted.org/packages/a2/a0/4af29e22cb5942488cf45630cbdd7cefd908768e69bdd90280842e4e8529/charset_normalizer-3.3.2-cp310-cp310-win_amd64.whl", hash = "sha256:10955842570876604d404661fbccbc9c7e684caf432c09c715ec38fbae45ae09", size = 100343, upload-time = "2023-11-01T04:02:53.915Z" },
    { url = "https://files.pythonhosted.org/packages/28/76/e6222113b83e3622caa4bb41032d0b1bf785250607392e1b778aca0b8a7d/charset_normalizer-3.3.2-py3-none-any.whl", hash = "sha256:3e4d1f6587322d2788836a99c69062fbb091331ec940e02d12d179c1d53e25fc", size = 48543, upload-time = "2023-11-01T04:04:58.622Z" },
]

[[package]]
name = "configargparse"
version = "1.7"
source = { registry = "https://pypi.org/simple" }
sdist = { url = "https://files.pythonhosted.org/packages/70/8a/73f1008adfad01cb923255b924b1528727b8270e67cb4ef41eabdc7d783e/ConfigArgParse-1.7.tar.gz", hash = "sha256:e7067471884de5478c58a511e529f0f9bd1c66bfef1dea90935438d6c23306d1", size = 43817, upload-time = "2023-07-23T16:20:04.95Z" }
wheels = [
    { url = "https://files.pythonhosted.org/packages/6f/b3/b4ac838711fd74a2b4e6f746703cf9dd2cf5462d17dac07e349234e21b97/ConfigArgParse-1.7-py3-none-any.whl", hash = "sha256:d249da6591465c6c26df64a9f73d2536e743be2f244eb3ebe61114af2f94f86b", size = 25489, upload-time = "2023-07-23T16:20:03.27Z" },
]

[[package]]
name = "configobj"
version = "5.0.8"
source = { registry = "https://pypi.org/simple" }
dependencies = [
    { name = "six" },
]
sdist = { url = "https://files.pythonhosted.org/packages/cb/87/17d4c6d634c044ab08b11c0cd2a8a136d103713d438f8792d7be2c5148fb/configobj-5.0.8.tar.gz", hash = "sha256:6f704434a07dc4f4dc7c9a745172c1cad449feb548febd9f7fe362629c627a97", size = 38012, upload-time = "2023-01-18T22:34:47.063Z" }
wheels = [
    { url = "https://files.pythonhosted.org/packages/d3/bb/d10e531b297dd1d46f6b1fd11d018247af9f2d460037554bb7bb9011c6ac/configobj-5.0.8-py2.py3-none-any.whl", hash = "sha256:a7a8c6ab7daade85c3f329931a807c8aee750a2494363934f8ea84d8a54c87ea", size = 36180, upload-time = "2023-01-18T22:34:42.431Z" },
]

[[package]]
name = "cryptography"
version = "45.0.5"
source = { registry = "https://pypi.org/simple" }
dependencies = [
    { name = "cffi", marker = "platform_python_implementation != 'PyPy'" },
]
sdist = { url = "https://files.pythonhosted.org/packages/95/1e/49527ac611af559665f71cbb8f92b332b5ec9c6fbc4e88b0f8e92f5e85df/cryptography-45.0.5.tar.gz", hash = "sha256:72e76caa004ab63accdf26023fccd1d087f6d90ec6048ff33ad0445abf7f605a", size = 744903, upload-time = "2025-07-02T13:06:25.941Z" }
wheels = [
    { url = "https://files.pythonhosted.org/packages/f0/fb/09e28bc0c46d2c547085e60897fea96310574c70fb21cd58a730a45f3403/cryptography-45.0.5-cp311-abi3-macosx_10_9_universal2.whl", hash = "sha256:101ee65078f6dd3e5a028d4f19c07ffa4dd22cce6a20eaa160f8b5219911e7d8", size = 7043092, upload-time = "2025-07-02T13:05:01.514Z" },
    { url = "https://files.pythonhosted.org/packages/b1/05/2194432935e29b91fb649f6149c1a4f9e6d3d9fc880919f4ad1bcc22641e/cryptography-45.0.5-cp311-abi3-manylinux2014_aarch64.manylinux_2_17_aarch64.whl", hash = "sha256:3a264aae5f7fbb089dbc01e0242d3b67dffe3e6292e1f5182122bdf58e65215d", size = 4205926, upload-time = "2025-07-02T13:05:04.741Z" },
    { url = "https://files.pythonhosted.org/packages/07/8b/9ef5da82350175e32de245646b1884fc01124f53eb31164c77f95a08d682/cryptography-45.0.5-cp311-abi3-manylinux2014_x86_64.manylinux_2_17_x86_64.whl", hash = "sha256:e74d30ec9c7cb2f404af331d5b4099a9b322a8a6b25c4632755c8757345baac5", size = 4429235, upload-time = "2025-07-02T13:05:07.084Z" },
    { url = "https://files.pythonhosted.org/packages/7c/e1/c809f398adde1994ee53438912192d92a1d0fc0f2d7582659d9ef4c28b0c/cryptography-45.0.5-cp311-abi3-manylinux_2_28_aarch64.whl", hash = "sha256:3af26738f2db354aafe492fb3869e955b12b2ef2e16908c8b9cb928128d42c57", size = 4209785, upload-time = "2025-07-02T13:05:09.321Z" },
    { url = "https://files.pythonhosted.org/packages/d0/8b/07eb6bd5acff58406c5e806eff34a124936f41a4fb52909ffa4d00815f8c/cryptography-45.0.5-cp311-abi3-manylinux_2_28_armv7l.manylinux_2_31_armv7l.whl", hash = "sha256:e6c00130ed423201c5bc5544c23359141660b07999ad82e34e7bb8f882bb78e0", size = 3893050, upload-time = "2025-07-02T13:05:11.069Z" },
    { url = "https://files.pythonhosted.org/packages/ec/ef/3333295ed58d900a13c92806b67e62f27876845a9a908c939f040887cca9/cryptography-45.0.5-cp311-abi3-manylinux_2_28_x86_64.whl", hash = "sha256:dd420e577921c8c2d31289536c386aaa30140b473835e97f83bc71ea9d2baf2d", size = 4457379, upload-time = "2025-07-02T13:05:13.32Z" },
    { url = "https://files.pythonhosted.org/packages/d9/9d/44080674dee514dbb82b21d6fa5d1055368f208304e2ab1828d85c9de8f4/cryptography-45.0.5-cp311-abi3-manylinux_2_34_aarch64.whl", hash = "sha256:d05a38884db2ba215218745f0781775806bde4f32e07b135348355fe8e4991d9", size = 4209355, upload-time = "2025-07-02T13:05:15.017Z" },
    { url = "https://files.pythonhosted.org/packages/c9/d8/0749f7d39f53f8258e5c18a93131919ac465ee1f9dccaf1b3f420235e0b5/cryptography-45.0.5-cp311-abi3-manylinux_2_34_x86_64.whl", hash = "sha256:ad0caded895a00261a5b4aa9af828baede54638754b51955a0ac75576b831b27", size = 4456087, upload-time = "2025-07-02T13:05:16.945Z" },
    { url = "https://files.pythonhosted.org/packages/09/d7/92acac187387bf08902b0bf0699816f08553927bdd6ba3654da0010289b4/cryptography-45.0.5-cp311-abi3-musllinux_1_2_aarch64.whl", hash = "sha256:9024beb59aca9d31d36fcdc1604dd9bbeed0a55bface9f1908df19178e2f116e", size = 4332873, upload-time = "2025-07-02T13:05:18.743Z" },
    { url = "https://files.pythonhosted.org/packages/03/c2/840e0710da5106a7c3d4153c7215b2736151bba60bf4491bdb421df5056d/cryptography-45.0.5-cp311-abi3-musllinux_1_2_x86_64.whl", hash = "sha256:91098f02ca81579c85f66df8a588c78f331ca19089763d733e34ad359f474174", size = 4564651, upload-time = "2025-07-02T13:05:21.382Z" },
    { url = "https://files.pythonhosted.org/packages/2e/92/cc723dd6d71e9747a887b94eb3827825c6c24b9e6ce2bb33b847d31d5eaa/cryptography-45.0.5-cp311-abi3-win32.whl", hash = "sha256:926c3ea71a6043921050eaa639137e13dbe7b4ab25800932a8498364fc1abec9", size = 2929050, upload-time = "2025-07-02T13:05:23.39Z" },
    { url = "https://files.pythonhosted.org/packages/1f/10/197da38a5911a48dd5389c043de4aec4b3c94cb836299b01253940788d78/cryptography-45.0.5-cp311-abi3-win_amd64.whl", hash = "sha256:b85980d1e345fe769cfc57c57db2b59cff5464ee0c045d52c0df087e926fbe63", size = 3403224, upload-time = "2025-07-02T13:05:25.202Z" },
    { url = "https://files.pythonhosted.org/packages/fe/2b/160ce8c2765e7a481ce57d55eba1546148583e7b6f85514472b1d151711d/cryptography-45.0.5-cp37-abi3-macosx_10_9_universal2.whl", hash = "sha256:f3562c2f23c612f2e4a6964a61d942f891d29ee320edb62ff48ffb99f3de9ae8", size = 7017143, upload-time = "2025-07-02T13:05:27.229Z" },
    { url = "https://files.pythonhosted.org/packages/c2/e7/2187be2f871c0221a81f55ee3105d3cf3e273c0a0853651d7011eada0d7e/cryptography-45.0.5-cp37-abi3-manylinux2014_aarch64.manylinux_2_17_aarch64.whl", hash = "sha256:3fcfbefc4a7f332dece7272a88e410f611e79458fab97b5efe14e54fe476f4fd", size = 4197780, upload-time = "2025-07-02T13:05:29.299Z" },
    { url = "https://files.pythonhosted.org/packages/b9/cf/84210c447c06104e6be9122661159ad4ce7a8190011669afceeaea150524/cryptography-45.0.5-cp37-abi3-manylinux2014_x86_64.manylinux_2_17_x86_64.whl", hash = "sha256:460f8c39ba66af7db0545a8c6f2eabcbc5a5528fc1cf6c3fa9a1e44cec33385e", size = 4420091, upload-time = "2025-07-02T13:05:31.221Z" },
    { url = "https://files.pythonhosted.org/packages/3e/6a/cb8b5c8bb82fafffa23aeff8d3a39822593cee6e2f16c5ca5c2ecca344f7/cryptography-45.0.5-cp37-abi3-manylinux_2_28_aarch64.whl", hash = "sha256:9b4cf6318915dccfe218e69bbec417fdd7c7185aa7aab139a2c0beb7468c89f0", size = 4198711, upload-time = "2025-07-02T13:05:33.062Z" },
    { url = "https://files.pythonhosted.org/packages/04/f7/36d2d69df69c94cbb2473871926daf0f01ad8e00fe3986ac3c1e8c4ca4b3/cryptography-45.0.5-cp37-abi3-manylinux_2_28_armv7l.manylinux_2_31_armv7l.whl", hash = "sha256:2089cc8f70a6e454601525e5bf2779e665d7865af002a5dec8d14e561002e135", size = 3883299, upload-time = "2025-07-02T13:05:34.94Z" },
    { url = "https://files.pythonhosted.org/packages/82/c7/f0ea40f016de72f81288e9fe8d1f6748036cb5ba6118774317a3ffc6022d/cryptography-45.0.5-cp37-abi3-manylinux_2_28_x86_64.whl", hash = "sha256:0027d566d65a38497bc37e0dd7c2f8ceda73597d2ac9ba93810204f56f52ebc7", size = 4450558, upload-time = "2025-07-02T13:05:37.288Z" },
    { url = "https://files.pythonhosted.org/packages/06/ae/94b504dc1a3cdf642d710407c62e86296f7da9e66f27ab12a1ee6fdf005b/cryptography-45.0.5-cp37-abi3-manylinux_2_34_aarch64.whl", hash = "sha256:be97d3a19c16a9be00edf79dca949c8fa7eff621763666a145f9f9535a5d7f42", size = 4198020, upload-time = "2025-07-02T13:05:39.102Z" },
    { url = "https://files.pythonhosted.org/packages/05/2b/aaf0adb845d5dabb43480f18f7ca72e94f92c280aa983ddbd0bcd6ecd037/cryptography-45.0.5-cp37-abi3-manylinux_2_34_x86_64.whl", hash = "sha256:7760c1c2e1a7084153a0f68fab76e754083b126a47d0117c9ed15e69e2103492", size = 4449759, upload-time = "2025-07-02T13:05:41.398Z" },
    { url = "https://files.pythonhosted.org/packages/91/e4/f17e02066de63e0100a3a01b56f8f1016973a1d67551beaf585157a86b3f/cryptography-45.0.5-cp37-abi3-musllinux_1_2_aarch64.whl", hash = "sha256:6ff8728d8d890b3dda5765276d1bc6fb099252915a2cd3aff960c4c195745dd0", size = 4319991, upload-time = "2025-07-02T13:05:43.64Z" },
    { url = "https://files.pythonhosted.org/packages/f2/2e/e2dbd629481b499b14516eed933f3276eb3239f7cee2dcfa4ee6b44d4711/cryptography-45.0.5-cp37-abi3-musllinux_1_2_x86_64.whl", hash = "sha256:7259038202a47fdecee7e62e0fd0b0738b6daa335354396c6ddebdbe1206af2a", size = 4554189, upload-time = "2025-07-02T13:05:46.045Z" },
    { url = "https://files.pythonhosted.org/packages/f8/ea/a78a0c38f4c8736287b71c2ea3799d173d5ce778c7d6e3c163a95a05ad2a/cryptography-45.0.5-cp37-abi3-win32.whl", hash = "sha256:1e1da5accc0c750056c556a93c3e9cb828970206c68867712ca5805e46dc806f", size = 2911769, upload-time = "2025-07-02T13:05:48.329Z" },
    { url = "https://files.pythonhosted.org/packages/79/b3/28ac139109d9005ad3f6b6f8976ffede6706a6478e21c889ce36c840918e/cryptography-45.0.5-cp37-abi3-win_amd64.whl", hash = "sha256:90cb0a7bb35959f37e23303b7eed0a32280510030daba3f7fdfbb65defde6a97", size = 3390016, upload-time = "2025-07-02T13:05:50.811Z" },
    { url = "https://files.pythonhosted.org/packages/f8/8b/34394337abe4566848a2bd49b26bcd4b07fd466afd3e8cce4cb79a390869/cryptography-45.0.5-pp310-pypy310_pp73-macosx_10_9_x86_64.whl", hash = "sha256:206210d03c1193f4e1ff681d22885181d47efa1ab3018766a7b32a7b3d6e6afd", size = 3575762, upload-time = "2025-07-02T13:05:53.166Z" },
    { url = "https://files.pythonhosted.org/packages/8b/5d/a19441c1e89afb0f173ac13178606ca6fab0d3bd3ebc29e9ed1318b507fc/cryptography-45.0.5-pp310-pypy310_pp73-manylinux_2_28_aarch64.whl", hash = "sha256:c648025b6840fe62e57107e0a25f604db740e728bd67da4f6f060f03017d5097", size = 4140906, upload-time = "2025-07-02T13:05:55.914Z" },
    { url = "https://files.pythonhosted.org/packages/4b/db/daceb259982a3c2da4e619f45b5bfdec0e922a23de213b2636e78ef0919b/cryptography-45.0.5-pp310-pypy310_pp73-manylinux_2_28_x86_64.whl", hash = "sha256:b8fa8b0a35a9982a3c60ec79905ba5bb090fc0b9addcfd3dc2dd04267e45f25e", size = 4374411, upload-time = "2025-07-02T13:05:57.814Z" },
    { url = "https://files.pythonhosted.org/packages/6a/35/5d06ad06402fc522c8bf7eab73422d05e789b4e38fe3206a85e3d6966c11/cryptography-45.0.5-pp310-pypy310_pp73-manylinux_2_34_aarch64.whl", hash = "sha256:14d96584701a887763384f3c47f0ca7c1cce322aa1c31172680eb596b890ec30", size = 4140942, upload-time = "2025-07-02T13:06:00.137Z" },
    { url = "https://files.pythonhosted.org/packages/65/79/020a5413347e44c382ef1f7f7e7a66817cd6273e3e6b5a72d18177b08b2f/cryptography-45.0.5-pp310-pypy310_pp73-manylinux_2_34_x86_64.whl", hash = "sha256:57c816dfbd1659a367831baca4b775b2a5b43c003daf52e9d57e1d30bc2e1b0e", size = 4374079, upload-time = "2025-07-02T13:06:02.043Z" },
    { url = "https://files.pythonhosted.org/packages/9b/c5/c0e07d84a9a2a8a0ed4f865e58f37c71af3eab7d5e094ff1b21f3f3af3bc/cryptography-45.0.5-pp310-pypy310_pp73-win_amd64.whl", hash = "sha256:b9e38e0a83cd51e07f5a48ff9691cae95a79bea28fe4ded168a8e5c6c77e819d", size = 3321362, upload-time = "2025-07-02T13:06:04.463Z" },
]

[[package]]
name = "distro"
version = "1.9.0"
source = { registry = "https://pypi.org/simple" }
sdist = { url = "https://files.pythonhosted.org/packages/fc/f8/98eea607f65de6527f8a2e8885fc8015d3e6f5775df186e443e0964a11c3/distro-1.9.0.tar.gz", hash = "sha256:2fa77c6fd8940f116ee1d6b94a2f90b13b5ea8d019b98bc8bafdcabcdd9bdbed", size = 60722, upload-time = "2023-12-24T09:54:32.31Z" }
wheels = [
    { url = "https://files.pythonhosted.org/packages/12/b3/231ffd4ab1fc9d679809f356cebee130ac7daa00d6d6f3206dd4fd137e9e/distro-1.9.0-py3-none-any.whl", hash = "sha256:7bffd925d65168f85027d8da9af6bddab658135b840670a223589bc0c8ef02b2", size = 20277, upload-time = "2023-12-24T09:54:30.421Z" },
]

[[package]]
name = "idna"
version = "3.6"
source = { registry = "https://pypi.org/simple" }
sdist = { url = "https://files.pythonhosted.org/packages/bf/3f/ea4b9117521a1e9c50344b909be7886dd00a519552724809bb1f486986c2/idna-3.6.tar.gz", hash = "sha256:9ecdbbd083b06798ae1e86adcbfe8ab1479cf864e4ee30fe4e46a003d12491ca", size = 175426, upload-time = "2023-11-25T15:40:54.902Z" }
wheels = [
    { url = "https://files.pythonhosted.org/packages/c2/e7/a82b05cf63a603df6e68d59ae6a68bf5064484a0718ea5033660af4b54a9/idna-3.6-py3-none-any.whl", hash = "sha256:c05567e9c24a6b9faaa835c4821bad0590fbb9d5779e7caa6e1cc4978e7eb24f", size = 61567, upload-time = "2023-11-25T15:40:52.604Z" },
]

[[package]]
name = "isodate"
version = "0.6.1"
source = { registry = "https://pypi.org/simple" }
dependencies = [
    { name = "six" },
]
sdist = { url = "https://files.pythonhosted.org/packages/db/7a/c0a56c7d56c7fa723988f122fa1f1ccf8c5c4ccc48efad0d214b49e5b1af/isodate-0.6.1.tar.gz", hash = "sha256:48c5881de7e8b0a0d648cb024c8062dc84e7b840ed81e864c7614fd3c127bde9", size = 28443, upload-time = "2021-12-13T20:28:31.525Z" }
wheels = [
    { url = "https://files.pythonhosted.org/packages/b6/85/7882d311924cbcfc70b1890780763e36ff0b140c7e51c110fc59a532f087/isodate-0.6.1-py2.py3-none-any.whl", hash = "sha256:0751eece944162659049d35f4f549ed815792b38793f07cf73381c1c87cbed96", size = 41722, upload-time = "2021-12-13T20:28:29.073Z" },
]

[[package]]
name = "josepy"
version = "2.1.0"
source = { registry = "https://pypi.org/simple" }
dependencies = [
    { name = "cryptography" },
]
sdist = { url = "https://files.pythonhosted.org/packages/9d/19/4ebe24c42c341c5868dff072b78d503fc1b0725d88ea619d2db68f5624a9/josepy-2.1.0.tar.gz", hash = "sha256:9beafbaa107ec7128e6c21d86b2bc2aea2f590158e50aca972dca3753046091f", size = 56189, upload-time = "2025-07-08T17:20:54.98Z" }
wheels = [
    { url = "https://files.pythonhosted.org/packages/47/0e/e248f059986e376b87e546cd840d244370b9f7ef2b336456f0c2cfb2fef0/josepy-2.1.0-py3-none-any.whl", hash = "sha256:0eadf09b96821bdae9a8b14145425cb9fe0bbee64c6fdfce3ccd4ceb7d7efbbd", size = 29065, upload-time = "2025-07-08T17:20:53.504Z" },
]

[[package]]
name = "lxml"
version = "5.1.0"
source = { registry = "https://pypi.org/simple" }
sdist = { url = "https://files.pythonhosted.org/packages/2b/b4/bbccb250adbee490553b6a52712c46c20ea1ba533a643f1424b27ffc6845/lxml-5.1.0.tar.gz", hash = "sha256:3eea6ed6e6c918e468e693c41ef07f3c3acc310b70ddd9cc72d9ef84bc9564ca", size = 3839638, upload-time = "2024-01-08T08:33:30.942Z" }
wheels = [
    { url = "https://files.pythonhosted.org/packages/f4/41/ad10a1254dabc6faf4703378d7b0d3422f46d3a948229cce2eab0f60348a/lxml-5.1.0-cp310-cp310-macosx_10_9_universal2.whl", hash = "sha256:704f5572ff473a5f897745abebc6df40f22d4133c1e0a1f124e4f2bd3330ff7e", size = 8740492, upload-time = "2024-01-10T13:57:02.159Z" },
    { url = "https://files.pythonhosted.org/packages/69/9e/a987c4f9a4353247bda41ae9a041c991ede5b2676d3e49474ffa47d07c9b/lxml-5.1.0-cp310-cp310-macosx_10_9_x86_64.whl", hash = "sha256:9d3c0f8567ffe7502d969c2c1b809892dc793b5d0665f602aad19895f8d508da", size = 4742036, upload-time = "2024-01-08T08:28:54.615Z" },
    { url = "https://files.pythonhosted.org/packages/d4/ff/a34b723437415abc35b7c4e14ba8a9f7afe971b530dddd091ffe179bc1d8/lxml-5.1.0-cp310-cp310-macosx_11_0_arm64.whl", hash = "sha256:5fcfbebdb0c5d8d18b84118842f31965d59ee3e66996ac842e21f957eb76138c", size = 4509385, upload-time = "2024-01-08T08:28:59.557Z" },
    { url = "https://files.pythonhosted.org/packages/49/f8/4b3fed329c9d6ab17dc3e336638da1c4382444951a0422fcf11a693fa750/lxml-5.1.0-cp310-cp310-manylinux_2_12_i686.manylinux2010_i686.manylinux_2_17_i686.manylinux2014_i686.whl", hash = "sha256:2f37c6d7106a9d6f0708d4e164b707037b7380fcd0b04c5bd9cae1fb46a856fb", size = 8120266, upload-time = "2024-01-08T08:29:04.289Z" },
    { url = "https://files.pythonhosted.org/packages/12/01/a1de0f08863495af7ca6f6286a0b943eb3352e6c37fd3e4dd18fb523192c/lxml-5.1.0-cp310-cp310-manylinux_2_17_aarch64.manylinux2014_aarch64.whl", hash = "sha256:2befa20a13f1a75c751f47e00929fb3433d67eb9923c2c0b364de449121f447c", size = 7804055, upload-time = "2024-01-08T08:29:08.857Z" },
    { url = "https://files.pythonhosted.org/packages/25/5c/979167df4ca5a1c308105bb1590412c54bd1b0baa1883212f39cb42d4fcd/lxml-5.1.0-cp310-cp310-manylinux_2_17_x86_64.manylinux2014_x86_64.whl", hash = "sha256:22b7ee4c35f374e2c20337a95502057964d7e35b996b1c667b5c65c567d2252a", size = 8009508, upload-time = "2024-01-08T08:29:13.372Z" },
    { url = "https://files.pythonhosted.org/packages/f2/40/66f59e7334cc375b60be2a64ade0715f2ff85db6d540c07459454b5741ff/lxml-5.1.0-cp310-cp310-musllinux_1_1_aarch64.whl", hash = "sha256:bf8443781533b8d37b295016a4b53c1494fa9a03573c09ca5104550c138d5c05", size = 7617521, upload-time = "2024-01-08T08:29:17.951Z" },
    { url = "https://files.pythonhosted.org/packages/1b/94/27325d86e1beaf4e3dd10fc5021ef0cb052f1afe79d8bdf501c1a55e9ade/lxml-5.1.0-cp310-cp310-musllinux_1_1_x86_64.whl", hash = "sha256:82bddf0e72cb2af3cbba7cec1d2fd11fda0de6be8f4492223d4a268713ef2147", size = 7794730, upload-time = "2024-01-08T08:29:22.681Z" },
    { url = "https://files.pythonhosted.org/packages/99/9f/b2f0a36f38734c8208a07500dd7f10b1dbf0fa72f5bf59e2ccde206c5cbe/lxml-5.1.0-cp310-cp310-win32.whl", hash = "sha256:b66aa6357b265670bb574f050ffceefb98549c721cf28351b748be1ef9577d93", size = 3562584, upload-time = "2024-01-08T08:29:26.3Z" },
    { url = "https://files.pythonhosted.org/packages/dc/3d/53c664318c9ab5bfbe9b9b3b6be0d04a2fa161f4cd35d731d27a0f754253/lxml-5.1.0-cp310-cp310-win_amd64.whl", hash = "sha256:4946e7f59b7b6a9e27bef34422f645e9a368cb2be11bf1ef3cafc39a1f6ba68d", size = 3904251, upload-time = "2024-01-08T08:29:28.947Z" },
    { url = "https://files.pythonhosted.org/packages/4b/50/ecf8b92bb898616b5dc8c41cca06c382f1db2dd8a9609784779e742ca4ed/lxml-5.1.0-pp310-pypy310_pp73-macosx_10_9_x86_64.whl", hash = "sha256:9bd0ae7cc2b85320abd5e0abad5ccee5564ed5f0cc90245d2f9a8ef330a8deae", size = 4078767, upload-time = "2024-01-08T08:32:49.051Z" },
    { url = "https://files.pythonhosted.org/packages/01/5e/168e0bb31ca6755f1d0567d98a58db161ddbc81c723247349890950c44a7/lxml-5.1.0-pp310-pypy310_pp73-manylinux_2_17_x86_64.manylinux2014_x86_64.whl", hash = "sha256:d8c1d679df4361408b628f42b26a5d62bd3e9ba7f0c0e7969f925021554755aa", size = 6446363, upload-time = "2024-01-08T08:32:53.108Z" },
    { url = "https://files.pythonhosted.org/packages/8a/20/e8419769eb13796bdc2a7c6701d714f81af4d018b49801b3502d93e187f5/lxml-5.1.0-pp310-pypy310_pp73-win_amd64.whl", hash = "sha256:2ad3a8ce9e8a767131061a22cd28fdffa3cd2dc193f399ff7b81777f3520e372", size = 3498964, upload-time = "2024-01-08T08:32:56.202Z" },
]

[[package]]
name = "parsedatetime"
version = "2.6"
source = { registry = "https://pypi.org/simple" }
sdist = { url = "https://files.pythonhosted.org/packages/a8/20/cb587f6672dbe585d101f590c3871d16e7aec5a576a1694997a3777312ac/parsedatetime-2.6.tar.gz", hash = "sha256:4cb368fbb18a0b7231f4d76119165451c8d2e35951455dfee97c62a87b04d455", size = 60114, upload-time = "2020-05-31T23:50:57.443Z" }
wheels = [
    { url = "https://files.pythonhosted.org/packages/9d/a4/3dd804926a42537bf69fb3ebb9fd72a50ba84f807d95df5ae016606c976c/parsedatetime-2.6-py3-none-any.whl", hash = "sha256:cb96edd7016872f58479e35879294258c71437195760746faffedb692aef000b", size = 42548, upload-time = "2020-05-31T23:50:56.315Z" },
]

[[package]]
name = "platformdirs"
version = "4.1.0"
source = { registry = "https://pypi.org/simple" }
sdist = { url = "https://files.pythonhosted.org/packages/62/d1/7feaaacb1a3faeba96c06e6c5091f90695cc0f94b7e8e1a3a3fe2b33ff9a/platformdirs-4.1.0.tar.gz", hash = "sha256:906d548203468492d432bcb294d4bc2fff751bf84971fbb2c10918cc206ee420", size = 19760, upload-time = "2023-12-04T15:32:15.925Z" }
wheels = [
    { url = "https://files.pythonhosted.org/packages/be/53/42fe5eab4a09d251a76d0043e018172db324a23fcdac70f77a551c11f618/platformdirs-4.1.0-py3-none-any.whl", hash = "sha256:11c8f37bcca40db96d8144522d925583bdb7a31f7b0e37e3ed4318400a8e2380", size = 17420, upload-time = "2023-12-04T15:32:13.795Z" },
]

[[package]]
name = "publicsuffixlist"
version = "1.0.2.20250710"
source = { registry = "https://pypi.org/simple" }
sdist = { url = "https://files.pythonhosted.org/packages/36/47/643ff8b273e9c1e0d22d45edd14e0523e6273cb2d83a777f21de13373c5b/publicsuffixlist-1.0.2.20250710.tar.gz", hash = "sha256:dcf92f627ca6ed619c221e09f3114251b641e42d5f9a290ad0975d9df62acd55", size = 105576, upload-time = "2025-07-10T03:58:14.57Z" }
wheels = [
    { url = "https://files.pythonhosted.org/packages/ba/3e/5bde31575caff0ac91dbdcbd24a8fc3857464af7745831a6c8138a698010/publicsuffixlist-1.0.2.20250710-py2.py3-none-any.whl", hash = "sha256:1768c257ac33f5ed87047d8360fd5621f0ca58b6ec34884baabe55a8f4a051ba", size = 105371, upload-time = "2025-07-10T03:58:13.295Z" },
]

[[package]]
name = "pycparser"
version = "2.21"
source = { registry = "https://pypi.org/simple" }
sdist = { url = "https://files.pythonhosted.org/packages/5e/0b/95d387f5f4433cb0f53ff7ad859bd2c6051051cebbb564f139a999ab46de/pycparser-2.21.tar.gz", hash = "sha256:e644fdec12f7872f86c58ff790da456218b10f863970249516d60a5eaca77206", size = 170877, upload-time = "2021-11-06T12:48:46.095Z" }
wheels = [
    { url = "https://files.pythonhosted.org/packages/62/d5/5f610ebe421e85889f2e55e33b7f9a6795bd982198517d912eb1c76e1a53/pycparser-2.21-py2.py3-none-any.whl", hash = "sha256:8ee45429555515e1f6b185e78100aea234072576aa43ab53aefcae078162fca9", size = 118697, upload-time = "2021-11-06T12:50:13.61Z" },
]

[[package]]
name = "pyopenssl"
version = "25.1.0"
source = { registry = "https://pypi.org/simple" }
dependencies = [
    { name = "cryptography" },
    { name = "typing-extensions" },
]
sdist = { url = "https://files.pythonhosted.org/packages/04/8c/cd89ad05804f8e3c17dea8f178c3f40eeab5694c30e0c9f5bcd49f576fc3/pyopenssl-25.1.0.tar.gz", hash = "sha256:8d031884482e0c67ee92bf9a4d8cceb08d92aba7136432ffb0703c5280fc205b", size = 179937, upload-time = "2025-05-17T16:28:31.31Z" }
wheels = [
    { url = "https://files.pythonhosted.org/packages/80/28/2659c02301b9500751f8d42f9a6632e1508aa5120de5e43042b8b30f8d5d/pyopenssl-25.1.0-py3-none-any.whl", hash = "sha256:2b11f239acc47ac2e5aca04fd7fa829800aeee22a2eb30d744572a157bd8a1ab", size = 56771, upload-time = "2025-05-17T16:28:29.197Z" },
]

[[package]]
name = "pyrfc3339"
version = "1.1"
source = { registry = "https://pypi.org/simple" }
dependencies = [
    { name = "pytz" },
]
sdist = { url = "https://files.pythonhosted.org/packages/00/52/75ea0ae249ba885c9429e421b4f94bc154df68484847f1ac164287d978d7/pyRFC3339-1.1.tar.gz", hash = "sha256:81b8cbe1519cdb79bed04910dd6fa4e181faf8c88dff1e1b987b5f7ab23a5b1a", size = 5290, upload-time = "2018-06-11T00:26:31Z" }
wheels = [
    { url = "https://files.pythonhosted.org/packages/c1/7a/725f5c16756ec6211b1e7eeac09f469084595513917ea069bc023c40a5e2/pyRFC3339-1.1-py2.py3-none-any.whl", hash = "sha256:67196cb83b470709c580bb4738b83165e67c6cc60e1f2e4f286cfcb402a926f4", size = 5669, upload-time = "2018-06-11T00:22:40.934Z" },
]

[[package]]
name = "pytz"
version = "2023.3.post1"
source = { registry = "https://pypi.org/simple" }
sdist = { url = "https://files.pythonhosted.org/packages/69/4f/7bf883f12ad496ecc9514cd9e267b29a68b3e9629661a2bbc24f80eff168/pytz-2023.3.post1.tar.gz", hash = "sha256:7b4fddbeb94a1eba4b557da24f19fdf9db575192544270a9101d8509f9f43d7b", size = 316899, upload-time = "2023-09-05T01:56:58.535Z" }
wheels = [
    { url = "https://files.pythonhosted.org/packages/32/4d/aaf7eff5deb402fd9a24a1449a8119f00d74ae9c2efa79f8ef9994261fc2/pytz-2023.3.post1-py2.py3-none-any.whl", hash = "sha256:ce42d816b81b68506614c11e8937d3aa9e41007ceb50bfdcb0749b921bf646c7", size = 502454, upload-time = "2023-09-05T01:56:55.916Z" },
]

[[package]]
name = "pywin32"
version = "306"
source = { registry = "https://pypi.org/simple" }
wheels = [
    { url = "https://files.pythonhosted.org/packages/08/dc/28c668097edfaf4eac4617ef7adf081b9cf50d254672fcf399a70f5efc41/pywin32-306-cp310-cp310-win32.whl", hash = "sha256:06d3420a5155ba65f0b72f2699b5bacf3109f36acbe8923765c22938a69dfc8d", size = 8506422, upload-time = "2023-03-26T03:27:46.303Z" },
    { url = "https://files.pythonhosted.org/packages/d3/d6/891894edec688e72c2e308b3243fad98b4066e1839fd2fe78f04129a9d31/pywin32-306-cp310-cp310-win_amd64.whl", hash = "sha256:84f4471dbca1887ea3803d8848a1616429ac94a4a8d05f4bc9c5dcfd42ca99c8", size = 9226392, upload-time = "2023-03-26T03:27:53.591Z" },
]

[[package]]
name = "requests"
version = "2.31.0"
source = { registry = "https://pypi.org/simple" }
dependencies = [
    { name = "certifi" },
    { name = "charset-normalizer" },
    { name = "idna" },
    { name = "urllib3" },
]
sdist = { url = "https://files.pythonhosted.org/packages/9d/be/10918a2eac4ae9f02f6cfe6414b7a155ccd8f7f9d4380d62fd5b955065c3/requests-2.31.0.tar.gz", hash = "sha256:942c5a758f98d790eaed1a29cb6eefc7ffb0d1cf7af05c3d2791656dbd6ad1e1", size = 110794, upload-time = "2023-05-22T15:12:44.175Z" }
wheels = [
    { url = "https://files.pythonhosted.org/packages/70/8e/0e2d847013cb52cd35b38c009bb167a1a26b2ce6cd6965bf26b47bc0bf44/requests-2.31.0-py3-none-any.whl", hash = "sha256:58cd2187c01e70e6e26505bca751777aa9f2ee0b7f4300988b709f44e013003f", size = 62574, upload-time = "2023-05-22T15:12:42.313Z" },
]

[[package]]
name = "requests-file"
version = "1.5.1"
source = { registry = "https://pypi.org/simple" }
dependencies = [
    { name = "requests" },
    { name = "six" },
]
sdist = { url = "https://files.pythonhosted.org/packages/50/5c/d32aeed5c91e7970ee6ab8316c08d911c1d6044929408f6bbbcc763f8019/requests-file-1.5.1.tar.gz", hash = "sha256:07d74208d3389d01c38ab89ef403af0cfec63957d53a0081d8eca738d0247d8e", size = 5668, upload-time = "2020-04-25T13:57:23.906Z" }
wheels = [
    { url = "https://files.pythonhosted.org/packages/77/86/cdb5e8eaed90796aa83a6d9f75cfbd37af553c47a291cd47bc410ef9bdb2/requests_file-1.5.1-py2.py3-none-any.whl", hash = "sha256:dfe5dae75c12481f68ba353183c53a65e6044c923e64c24b2209f6c7570ca953", size = 3663, upload-time = "2020-04-25T13:57:22.748Z" },
]

[[package]]
name = "requests-toolbelt"
version = "1.0.0"
source = { registry = "https://pypi.org/simple" }
dependencies = [
    { name = "requests" },
]
sdist = { url = "https://files.pythonhosted.org/packages/f3/61/d7545dafb7ac2230c70d38d31cbfe4cc64f7144dc41f6e4e4b78ecd9f5bb/requests-toolbelt-1.0.0.tar.gz", hash = "sha256:7681a0a3d047012b5bdc0ee37d7f8f07ebe76ab08caeccfc3921ce23c88d5bc6", size = 206888, upload-time = "2023-05-01T04:11:33.229Z" }
wheels = [
    { url = "https://files.pythonhosted.org/packages/3f/51/d4db610ef29373b879047326cbf6fa98b6c1969d6f6dc423279de2b1be2c/requests_toolbelt-1.0.0-py2.py3-none-any.whl", hash = "sha256:cccfdd665f0a24fcf4726e690f65639d272bb0637b9b92dfd91a5568ccf6bd06", size = 54481, upload-time = "2023-05-01T04:11:28.427Z" },
]

[[package]]
name = "six"
version = "1.16.0"
source = { registry = "https://pypi.org/simple" }
sdist = { url = "https://files.pythonhosted.org/packages/71/39/171f1c67cd00715f190ba0b100d606d440a28c93c7714febeca8b79af85e/six-1.16.0.tar.gz", hash = "sha256:1e61c37477a1626458e36f7b1d82aa5c9b094fa4802892072e49de9c60c4c926", size = 34041, upload-time = "2021-05-05T14:18:18.379Z" }
wheels = [
    { url = "https://files.pythonhosted.org/packages/d9/5a/e7c31adbe875f2abbb91bd84cf2dc52d792b5a01506781dbcf25c91daf11/six-1.16.0-py2.py3-none-any.whl", hash = "sha256:8abb2f1d86890a2dfb989f9a77cfcfd3e47c2a354b01111771326f8aa26e0254", size = 11053, upload-time = "2021-05-05T14:18:17.237Z" },
]

[[package]]
name = "typing-extensions"
version = "4.14.1"
source = { registry = "https://pypi.org/simple" }
sdist = { url = "https://files.pythonhosted.org/packages/98/5a/da40306b885cc8c09109dc2e1abd358d5684b1425678151cdaed4731c822/typing_extensions-4.14.1.tar.gz", hash = "sha256:38b39f4aeeab64884ce9f74c94263ef78f3c22467c8724005483154c26648d36", size = 107673, upload-time = "2025-07-04T13:28:34.16Z" }
wheels = [
    { url = "https://files.pythonhosted.org/packages/b5/00/d631e67a838026495268c2f6884f3711a15a9a2a96cd244fdaea53b823fb/typing_extensions-4.14.1-py3-none-any.whl", hash = "sha256:d1e1e3b58374dc93031d6eda2420a48ea44a36c2b4766a4fdeb3710755731d76", size = 43906, upload-time = "2025-07-04T13:28:32.743Z" },
]

[[package]]
name = "urllib3"
version = "2.1.0"
source = { registry = "https://pypi.org/simple" }
sdist = { url = "https://files.pythonhosted.org/packages/36/dd/a6b232f449e1bc71802a5b7950dc3675d32c6dbc2a1bd6d71f065551adb6/urllib3-2.1.0.tar.gz", hash = "sha256:df7aa8afb0148fa78488e7899b2c59b5f4ffcfa82e6c54ccb9dd37c1d7b52d54", size = 263900, upload-time = "2023-11-13T12:29:45.049Z" }
wheels = [
    { url = "https://files.pythonhosted.org/packages/96/94/c31f58c7a7f470d5665935262ebd7455c7e4c7782eb525658d3dbf4b9403/urllib3-2.1.0-py3-none-any.whl", hash = "sha256:55901e917a5896a349ff771be919f8bd99aff50b79fe58fec595eb37bbc56bb3", size = 104579, upload-time = "2023-11-13T12:29:42.719Z" },
]

[[package]]
name = "zeep"
version = "4.2.1"
source = { registry = "https://pypi.org/simple" }
dependencies = [
    { name = "attrs" },
    { name = "isodate" },
    { name = "lxml" },
    { name = "platformdirs" },
    { name = "pytz" },
    { name = "requests" },
    { name = "requests-file" },
    { name = "requests-toolbelt" },
]
sdist = { url = "https://files.pythonhosted.org/packages/fd/a4/8fa2337f1807fd9e671b85980b2c90052d524edf9d39b515aed4c5874c38/zeep-4.2.1.tar.gz", hash = "sha256:72093acfdb1d8360ed400869b73fbf1882b95c4287f798084c42ee0c1ff0e425", size = 161072, upload-time = "2022-11-20T20:37:27.761Z" }
wheels = [
    { url = "https://files.pythonhosted.org/packages/57/49/1091bd708f8892dc2ed5155bdf71ff51fcde75df137d65ac53f5d7f4fa25/zeep-4.2.1-py3-none-any.whl", hash = "sha256:6754feb4c34a4b6d65fbc359252bf6654dcce3937bf1d95aae4402a60a8f5939", size = 101212, upload-time = "2022-11-20T20:37:26.349Z" },
]
